github.com/headlesslab/eventbus v0.1.0 h1:ASZBqyJ6ZgOiGZ8LgeoLaDRxR7Bw/PLeUL5mSKc4NwM=
github.com/headlesslab/eventbus v0.1.0/go.mod h1:MWJMy3rPeylSlF0Zk6ciMCVjPIRr3YfjBW8KH+4hRIc=
github.com/headlesslab/lazyjson v0.1.0 h1:obliUHuSWqXI3ap0AHm3lbMyO4YXLwjzq9Sqm9a3Pis=
github.com/headlesslab/lazyjson v0.1.0/go.mod h1:QuwP1JoJucDUogmrNYM0w78EdSPsKYZURCepbxQ4MFQ=
github.com/headlesslab/leakcheck v0.1.0 h1:LEuRw66vfY14vlgydJhh26/U1nUoDrHQyBJeRLvNTsc=
github.com/headlesslab/leakcheck v0.1.0/go.mod h1:q9M41rn9TYIqOuRsiBPX7cXlwuyI45UQmkDDPDg0tPI=
github.com/headlesslab/seqdiff v0.1.0 h1:zRbhrCxFCpAm4snuSKqbn2MmAnJzThHAHFvNQ1dbNQQ=
github.com/headlesslab/seqdiff v0.1.0/go.mod h1:lqdRmX2/X60WgXLkSZHb0Fb4bkgL52/ZVIWJ5DRYeg4=
github.com/ysmood/fetchup v0.2.3 h1:ulX+SonA0Vma5zUFXtv52Kzip/xe7aj4vqT5AJwQ+ZQ=
github.com/ysmood/fetchup v0.2.3/go.mod h1:xhibcRKziSvol0H1/pj33dnKrYyI2ebIvz5cOOkYGns=
github.com/ysmood/gop v0.2.0 h1:+tFrG0TWPxT6p9ZaZs+VY+opCvHU8/3Fk6BaNv6kqKg=
github.com/ysmood/gop v0.2.0/go.mod h1:rr5z2z27oGEbyB787hpEcx4ab8cCiPnKxn0SUHt6xzk=
github.com/ysmood/got v0.40.0 h1:ZQk1B55zIvS7zflRrkGfPDrPG3d7+JOza1ZkNxcc74Q=
github.com/ysmood/got v0.40.0/go.mod h1:W7DdpuX6skL3NszLmAsC5hT7JAhuLZhByVzHTq874Qg=
github.com/ysmood/leakless v0.9.0 h1:qxCG5VirSBvmi3uynXFkcnLMzkphdh3xx5FtrORwDCU=
github.com/ysmood/leakless v0.9.0/go.mod h1:R8iAXPRaG97QJwqxs74RdwzcRHT1SWCGTNqY8q0JvMQ=
