github.com/headlesslab/eventbus v0.1.0 h1:ASZBqyJ6ZgOiGZ8LgeoLaDRxR7Bw/PLeUL5mSKc4NwM=
github.com/headlesslab/eventbus v0.1.0/go.mod h1:MWJMy3rPeylSlF0Zk6ciMCVjPIRr3YfjBW8KH+4hRIc=
github.com/headlesslab/lazyjson v0.1.0 h1:obliUHuSWqXI3ap0AHm3lbMyO4YXLwjzq9Sqm9a3Pis=
github.com/headlesslab/lazyjson v0.1.0/go.mod h1:QuwP1JoJucDUogmrNYM0w78EdSPsKYZURCepbxQ4MFQ=
github.com/headlesslab/leakcheck v0.1.0 h1:LEuRw66vfY14vlgydJhh26/U1nUoDrHQyBJeRLvNTsc=
github.com/headlesslab/leakcheck v0.1.0/go.mod h1:q9M41rn9TYIqOuRsiBPX7cXlwuyI45UQmkDDPDg0tPI=
github.com/headlesslab/seqdiff v0.1.0 h1:zRbhrCxFCpAm4snuSKqbn2MmAnJzThHAHFvNQ1dbNQQ=
github.com/headlesslab/seqdiff v0.1.0/go.mod h1:lqdRmX2/X60WgXLkSZHb0Fb4bkgL52/ZVIWJ5DRYeg4=
github.com/ysmood/fetchup v0.2.3 h1:ulX+SonA0Vma5zUFXtv52Kzip/xe7aj4vqT5AJwQ+ZQ=
github.com/ysmood/fetchup v0.2.3/go.mod h1:xhibcRKziSvol0H1/pj33dnKrYyI2ebIvz5cOOkYGns=
github.com/ysmood/gop v0.4.2 h1:KtW1/RugapWs1iW9ynQdk52BK6TWdP9zC0qDOhW8EDE=
github.com/ysmood/gop v0.4.2/go.mod h1:K4LAB/BdLArknXrVSy+DyXcfb8P85JwAtwYM8zlb0mU=
github.com/ysmood/got v0.43.0 h1:bcHlKg+qnhFz5JxNZ+j4fIfxxB8WWjTh6qdqeS8FfZw=
github.com/ysmood/got v0.43.0/go.mod h1:rsfH2KJ5rcS/5n9pmybIGodoHlT/NTYxjgh3ob7UdSU=
github.com/ysmood/leakless v0.9.0 h1:qxCG5VirSBvmi3uynXFkcnLMzkphdh3xx5FtrORwDCU=
github.com/ysmood/leakless v0.9.0/go.mod h1:R8iAXPRaG97QJwqxs74RdwzcRHT1SWCGTNqY8q0JvMQ=
